# This file is automatically @generated by Cargo.
# It is not intended for manual editing.
version = 4

[[package]]
name = "cairo-lang-macro"
version = "0.1.1"
source = "registry+https://github.com/rust-lang/crates.io-index"
checksum = "dda77fe9404e438edaa80c9acaf0d72260aa883ba433812d0a745f5a72f31881"
dependencies = [
 "cairo-lang-macro-attributes",
 "cairo-lang-macro-stable",
 "linkme",
]

[[package]]
name = "cairo-lang-macro-attributes"
version = "0.1.0"
source = "registry+https://github.com/rust-lang/crates.io-index"
checksum = "e32e958decd95ae122ee64daa26721da2f76e83231047f947fd9cdc5d3c90cc6"
dependencies = [
 "quote",
 "scarb-stable-hash",
 "syn",
]

[[package]]
name = "cairo-lang-macro-stable"
version = "1.0.0"
source = "registry+https://github.com/rust-lang/crates.io-index"
checksum = "c49906d6b1c215e5814be7c5c65ecf2328898b335bee8c2409ec07cfb5530daf"

[[package]]
name = "data-encoding"
version = "2.6.0"
source = "registry+https://github.com/rust-lang/crates.io-index"
checksum = "e8566979429cf69b49a5c740c60791108e86440e8be149bbea4fe54d2c32d6e2"

[[package]]
name = "linkme"
version = "0.3.31"
source = "registry+https://github.com/rust-lang/crates.io-index"
checksum = "566336154b9e58a4f055f6dd4cbab62c7dc0826ce3c0a04e63b2d2ecd784cdae"
dependencies = [
 "linkme-impl",
]

[[package]]
name = "linkme-impl"
version = "0.3.31"
source = "registry+https://github.com/rust-lang/crates.io-index"
checksum = "edbe595006d355eaf9ae11db92707d4338cd2384d16866131cc1afdbdd35d8d9"
dependencies = [
 "proc-macro2",
 "quote",
 "syn",
]

[[package]]
name = "openzeppelin_macros"
version = "0.20.0"
dependencies = [
 "cairo-lang-macro",
]

[[package]]
name = "proc-macro2"
version = "1.0.92"
source = "registry+https://github.com/rust-lang/crates.io-index"
checksum = "37d3544b3f2748c54e147655edb5025752e2303145b5aefb3c3ea2c78b973bb0"
dependencies = [
 "unicode-ident",
]

[[package]]
name = "quote"
version = "1.0.37"
source = "registry+https://github.com/rust-lang/crates.io-index"
checksum = "b5b9d34b8991d19d98081b46eacdd8eb58c6f2b201139f7c5f643cc155a633af"
dependencies = [
 "proc-macro2",
]

[[package]]
name = "scarb-stable-hash"
version = "1.0.0"
source = "registry+https://github.com/rust-lang/crates.io-index"
checksum = "1902536b23a05dd165d3992865870aaf1b0650317767cbf171ed2ca5903732a9"
dependencies = [
 "data-encoding",
 "xxhash-rust",
]

[[package]]
name = "syn"
version = "2.0.90"
source = "registry+https://github.com/rust-lang/crates.io-index"
checksum = "919d3b74a5dd0ccd15aeb8f93e7006bd9e14c295087c9896a110f490752bcf31"
dependencies = [
 "proc-macro2",
 "quote",
 "unicode-ident",
]

[[package]]
name = "unicode-ident"
version = "1.0.14"
source = "registry+https://github.com/rust-lang/crates.io-index"
checksum = "adb9e6ca4f869e1180728b7950e35922a7fc6397f7b641499e8f3ef06e50dc83"

[[package]]
name = "xxhash-rust"
version = "0.8.12"
source = "registry+https://github.com/rust-lang/crates.io-index"
checksum = "6a5cbf750400958819fb6178eaa83bee5cd9c29a26a40cc241df8c70fdd46984"
