# Code generated by scarb DO NOT EDIT.
version = 1

[[package]]
name = "openzeppelin_access"
version = "0.19.0"
dependencies = [
 "openzeppelin_introspection",
 "openzeppelin_utils",
]

[[package]]
name = "openzeppelin_account"
version = "0.19.0"
dependencies = [
 "openzeppelin_introspection",
 "openzeppelin_utils",
]

[[package]]
name = "openzeppelin_finance"
version = "0.19.0"
dependencies = [
 "openzeppelin_access",
 "openzeppelin_token",
]

[[package]]
name = "openzeppelin_governance"
version = "0.19.0"
dependencies = [
 "openzeppelin_access",
 "openzeppelin_introspection",
]

[[package]]
name = "openzeppelin_introspection"
version = "0.19.0"

[[package]]
name = "openzeppelin_presets"
version = "0.19.0"
dependencies = [
 "openzeppelin_access",
 "openzeppelin_account",
 "openzeppelin_finance",
 "openzeppelin_introspection",
 "openzeppelin_token",
 "openzeppelin_upgrades",
]

[[package]]
name = "openzeppelin_testing"
version = "0.19.0"
dependencies = [
 "snforge_std",
]

[[package]]
name = "openzeppelin_token"
version = "0.19.0"
dependencies = [
 "openzeppelin_account",
 "openzeppelin_governance",
 "openzeppelin_introspection",
]

[[package]]
name = "openzeppelin_upgrades"
version = "0.19.0"

[[package]]
name = "openzeppelin_utils"
version = "0.19.0"

[[package]]
name = "sncast_scripts"
version = "0.1.0"
dependencies = [
 "openzeppelin_presets",
 "openzeppelin_testing",
 "sncast_std",
]

[[package]]
name = "sncast_std"
version = "0.30.0"
source = "registry+https://scarbs.xyz/"
checksum = "sha256:cfd7c73a6f9984880249babfa8664b69c5f7209c737b1081156a284061ccd41a"

[[package]]
name = "snforge_scarb_plugin"
version = "0.2.0"
source = "registry+https://scarbs.xyz/"
checksum = "sha256:2e4ce3ebe3f49548bd26908391b5d78537a765d827df0d96c32aeb88941d0d67"

[[package]]
name = "snforge_std"
version = "0.30.0"
source = "registry+https://scarbs.xyz/"
checksum = "sha256:2f3c4846881813ac0f5d1460981249c9f5e2a6831e752beedf9b70975495b4ec"
dependencies = [
 "snforge_scarb_plugin",
]
