# Code generated by scarb DO NOT EDIT.
version = 1

[[package]]
name = "openzeppelin"
version = "1.0.0"
dependencies = [
 "openzeppelin_access",
 "openzeppelin_account",
 "openzeppelin_finance",
 "openzeppelin_governance",
 "openzeppelin_introspection",
 "openzeppelin_merkle_tree",
 "openzeppelin_presets",
 "openzeppelin_security",
 "openzeppelin_test_common",
 "openzeppelin_testing",
 "openzeppelin_token",
 "openzeppelin_upgrades",
 "openzeppelin_utils",
 "snforge_std",
]

[[package]]
name = "openzeppelin_access"
version = "1.0.0"
dependencies = [
 "openzeppelin_introspection",
 "openzeppelin_test_common",
 "openzeppelin_testing",
 "snforge_std",
]

[[package]]
name = "openzeppelin_account"
version = "1.0.0"
dependencies = [
 "openzeppelin_introspection",
 "openzeppelin_test_common",
 "openzeppelin_testing",
 "openzeppelin_utils",
 "snforge_std",
]

[[package]]
name = "openzeppelin_finance"
version = "1.0.0"
dependencies = [
 "openzeppelin_access",
 "openzeppelin_test_common",
 "openzeppelin_testing",
 "openzeppelin_token",
 "openzeppelin_utils",
 "snforge_std",
]

[[package]]
name = "openzeppelin_governance"
version = "1.0.0"
dependencies = [
 "openzeppelin_access",
 "openzeppelin_account",
 "openzeppelin_introspection",
 "openzeppelin_test_common",
 "openzeppelin_testing",
 "openzeppelin_token",
 "openzeppelin_utils",
 "snforge_std",
]

[[package]]
name = "openzeppelin_introspection"
version = "1.0.0"
dependencies = [
 "openzeppelin_test_common",
 "snforge_std",
]

[[package]]
name = "openzeppelin_macros"
version = "1.0.0"

[[package]]
name = "openzeppelin_merkle_tree"
version = "1.0.0"
dependencies = [
 "openzeppelin_testing",
 "snforge_std",
]

[[package]]
name = "openzeppelin_presets"
version = "1.0.0"
dependencies = [
 "openzeppelin_access",
 "openzeppelin_account",
 "openzeppelin_finance",
 "openzeppelin_introspection",
 "openzeppelin_test_common",
 "openzeppelin_testing",
 "openzeppelin_token",
 "openzeppelin_upgrades",
 "openzeppelin_utils",
 "snforge_std",
]

[[package]]
name = "openzeppelin_security"
version = "1.0.0"
dependencies = [
 "openzeppelin_test_common",
 "openzeppelin_testing",
 "snforge_std",
]

[[package]]
name = "openzeppelin_test_common"
version = "1.0.0"
dependencies = [
 "openzeppelin_access",
 "openzeppelin_account",
 "openzeppelin_finance",
 "openzeppelin_governance",
 "openzeppelin_introspection",
 "openzeppelin_security",
 "openzeppelin_testing",
 "openzeppelin_token",
 "openzeppelin_upgrades",
 "openzeppelin_utils",
 "snforge_std",
]

[[package]]
name = "openzeppelin_testing"
version = "1.0.0"
dependencies = [
 "snforge_std",
]

[[package]]
name = "openzeppelin_token"
version = "1.0.0"
dependencies = [
 "openzeppelin_access",
 "openzeppelin_account",
 "openzeppelin_introspection",
 "openzeppelin_test_common",
 "openzeppelin_testing",
 "openzeppelin_utils",
 "snforge_std",
]

[[package]]
name = "openzeppelin_upgrades"
version = "1.0.0"
dependencies = [
 "openzeppelin_test_common",
 "openzeppelin_testing",
 "snforge_std",
]

[[package]]
name = "openzeppelin_utils"
version = "1.0.0"
dependencies = [
 "openzeppelin_test_common",
 "openzeppelin_testing",
 "snforge_std",
]

[[package]]
name = "snforge_scarb_plugin"
version = "0.38.3"
source = "registry+https://scarbs.xyz/"
checksum = "sha256:0cd914b547acd96b4cad99a78e95c0eda001d0c280da4969b2161e286079cf46"

[[package]]
name = "snforge_std"
version = "0.38.3"
source = "registry+https://scarbs.xyz/"
checksum = "sha256:d376526fbbe22535ad89ed630b11d6e209f22c50168de6c6430c0591c81c3174"
dependencies = [
 "snforge_scarb_plugin",
]
