# Code generated by scarb DO NOT EDIT.
version = 1

[[package]]
name = "openzeppelin"
version = "0.17.0"
dependencies = [
 "openzeppelin_access",
 "openzeppelin_account",
 "openzeppelin_finance",
 "openzeppelin_governance",
 "openzeppelin_introspection",
 "openzeppelin_merkle_tree",
 "openzeppelin_presets",
 "openzeppelin_security",
 "openzeppelin_test_common",
 "openzeppelin_testing",
 "openzeppelin_token",
 "openzeppelin_upgrades",
 "openzeppelin_utils",
 "snforge_std",
]

[[package]]
name = "openzeppelin_access"
version = "0.17.0"
dependencies = [
 "openzeppelin_introspection",
 "openzeppelin_test_common",
 "openzeppelin_testing",
 "openzeppelin_utils",
 "snforge_std",
]

[[package]]
name = "openzeppelin_account"
version = "0.17.0"
dependencies = [
 "openzeppelin_introspection",
 "openzeppelin_test_common",
 "openzeppelin_testing",
 "openzeppelin_utils",
 "snforge_std",
]

[[package]]
name = "openzeppelin_finance"
version = "0.17.0"
dependencies = [
 "openzeppelin_access",
 "openzeppelin_test_common",
 "openzeppelin_testing",
 "openzeppelin_token",
 "snforge_std",
]

[[package]]
name = "openzeppelin_governance"
version = "0.17.0"
dependencies = [
 "openzeppelin_access",
 "openzeppelin_introspection",
 "openzeppelin_test_common",
 "openzeppelin_testing",
 "snforge_std",
]

[[package]]
name = "openzeppelin_introspection"
version = "0.17.0"
dependencies = [
 "openzeppelin_test_common",
 "snforge_std",
]

[[package]]
name = "openzeppelin_merkle_tree"
version = "0.17.0"
dependencies = [
 "snforge_std",
]

[[package]]
name = "openzeppelin_presets"
version = "0.17.0"
dependencies = [
 "openzeppelin_access",
 "openzeppelin_account",
 "openzeppelin_finance",
 "openzeppelin_introspection",
 "openzeppelin_test_common",
 "openzeppelin_testing",
 "openzeppelin_token",
 "openzeppelin_upgrades",
 "openzeppelin_utils",
 "snforge_std",
]

[[package]]
name = "openzeppelin_security"
version = "0.17.0"
dependencies = [
 "openzeppelin_test_common",
 "openzeppelin_testing",
 "snforge_std",
]

[[package]]
name = "openzeppelin_test_common"
version = "0.17.0"
dependencies = [
 "openzeppelin_access",
 "openzeppelin_account",
 "openzeppelin_finance",
 "openzeppelin_introspection",
 "openzeppelin_security",
 "openzeppelin_testing",
 "openzeppelin_token",
 "openzeppelin_upgrades",
 "openzeppelin_utils",
 "snforge_std",
]

[[package]]
name = "openzeppelin_testing"
version = "0.17.0"
dependencies = [
 "snforge_std",
]

[[package]]
name = "openzeppelin_token"
version = "0.17.0"
dependencies = [
 "openzeppelin_account",
 "openzeppelin_governance",
 "openzeppelin_introspection",
 "openzeppelin_test_common",
 "openzeppelin_testing",
 "openzeppelin_utils",
 "snforge_std",
]

[[package]]
name = "openzeppelin_upgrades"
version = "0.17.0"
dependencies = [
 "openzeppelin_test_common",
 "openzeppelin_testing",
 "snforge_std",
]

[[package]]
name = "openzeppelin_utils"
version = "0.17.0"
dependencies = [
 "openzeppelin_test_common",
 "openzeppelin_testing",
 "snforge_std",
]

[[package]]
name = "snforge_scarb_plugin"
version = "0.31.0"
source = "registry+https://scarbs.xyz/"
checksum = "sha256:1fce075fcbf7fce1b0935f6f9a034549704837fb221da212d3b6e9134cebfdaa"

[[package]]
name = "snforge_std"
version = "0.31.0"
source = "registry+https://scarbs.xyz/"
checksum = "sha256:60ac980b297281f9a59a5f1668cb56bdea1b28fd2f8008008270f9a3c91ad3ba"
dependencies = [
 "snforge_scarb_plugin",
]
