# Code generated by scarb DO NOT EDIT.
version = 1

[[package]]
name = "openzeppelin"
version = "3.0.0-alpha.2"
dependencies = [
 "openzeppelin_access",
 "openzeppelin_account",
 "openzeppelin_finance",
 "openzeppelin_governance",
 "openzeppelin_interfaces",
 "openzeppelin_introspection",
 "openzeppelin_merkle_tree",
 "openzeppelin_presets",
 "openzeppelin_security",
 "openzeppelin_test_common",
 "openzeppelin_testing",
 "openzeppelin_token",
 "openzeppelin_upgrades",
 "openzeppelin_utils",
 "snforge_std",
]

[[package]]
name = "openzeppelin_access"
version = "3.0.0-alpha.2"
dependencies = [
 "openzeppelin_interfaces",
 "openzeppelin_introspection",
 "openzeppelin_test_common",
 "openzeppelin_testing",
 "openzeppelin_utils",
 "snforge_std",
]

[[package]]
name = "openzeppelin_account"
version = "3.0.0-alpha.2"
dependencies = [
 "openzeppelin_interfaces",
 "openzeppelin_introspection",
 "openzeppelin_test_common",
 "openzeppelin_testing",
 "openzeppelin_utils",
 "snforge_std",
]

[[package]]
name = "openzeppelin_finance"
version = "3.0.0-alpha.2"
dependencies = [
 "openzeppelin_access",
 "openzeppelin_interfaces",
 "openzeppelin_test_common",
 "openzeppelin_testing",
 "openzeppelin_token",
 "openzeppelin_utils",
 "snforge_std",
]

[[package]]
name = "openzeppelin_governance"
version = "3.0.0-alpha.2"
dependencies = [
 "openzeppelin_access",
 "openzeppelin_account",
 "openzeppelin_interfaces",
 "openzeppelin_introspection",
 "openzeppelin_test_common",
 "openzeppelin_testing",
 "openzeppelin_token",
 "openzeppelin_utils",
 "snforge_std",
]

[[package]]
name = "openzeppelin_interfaces"
version = "2.1.0"
dependencies = [
 "snforge_std",
]

[[package]]
name = "openzeppelin_introspection"
version = "3.0.0-alpha.2"
dependencies = [
 "openzeppelin_interfaces",
 "openzeppelin_test_common",
 "snforge_std",
]

[[package]]
name = "openzeppelin_macros"
version = "3.0.0-alpha.2"

[[package]]
name = "openzeppelin_merkle_tree"
version = "3.0.0-alpha.2"
dependencies = [
 "openzeppelin_testing",
 "snforge_std",
]

[[package]]
name = "openzeppelin_presets"
version = "3.0.0-alpha.2"
dependencies = [
 "openzeppelin_access",
 "openzeppelin_account",
 "openzeppelin_finance",
 "openzeppelin_interfaces",
 "openzeppelin_introspection",
 "openzeppelin_test_common",
 "openzeppelin_testing",
 "openzeppelin_token",
 "openzeppelin_upgrades",
 "openzeppelin_utils",
 "snforge_std",
]

[[package]]
name = "openzeppelin_security"
version = "3.0.0-alpha.2"
dependencies = [
 "openzeppelin_interfaces",
 "openzeppelin_test_common",
 "openzeppelin_testing",
 "openzeppelin_utils",
 "snforge_std",
]

[[package]]
name = "openzeppelin_test_common"
version = "3.0.0-alpha.2"
dependencies = [
 "openzeppelin_access",
 "openzeppelin_account",
 "openzeppelin_finance",
 "openzeppelin_governance",
 "openzeppelin_interfaces",
 "openzeppelin_introspection",
 "openzeppelin_macros",
 "openzeppelin_security",
 "openzeppelin_testing",
 "openzeppelin_token",
 "openzeppelin_upgrades",
 "openzeppelin_utils",
 "snforge_std",
]

[[package]]
name = "openzeppelin_testing"
version = "5.0.0"
dependencies = [
 "snforge_std",
]

[[package]]
name = "openzeppelin_token"
version = "3.0.0-alpha.2"
dependencies = [
 "openzeppelin_access",
 "openzeppelin_account",
 "openzeppelin_interfaces",
 "openzeppelin_introspection",
 "openzeppelin_test_common",
 "openzeppelin_testing",
 "openzeppelin_utils",
 "snforge_std",
]

[[package]]
name = "openzeppelin_upgrades"
version = "3.0.0-alpha.2"
dependencies = [
 "openzeppelin_test_common",
 "openzeppelin_testing",
 "snforge_std",
]

[[package]]
name = "openzeppelin_utils"
version = "3.0.0-alpha.2"
dependencies = [
 "openzeppelin_interfaces",
 "openzeppelin_test_common",
 "openzeppelin_testing",
 "snforge_std",
]

[[package]]
name = "snforge_scarb_plugin"
version = "0.50.0"
source = "registry+https://scarbs.xyz/"
checksum = "sha256:8c29e5519362d22f2c802e4e348da846de3898cbaeac19b58aded6a009bf188e"

[[package]]
name = "snforge_std"
version = "0.50.0"
source = "registry+https://scarbs.xyz/"
checksum = "sha256:db3a9de47952c699f8f3ce649b5b01f09c1f9c170f38b3c7a8df8e50a0188e9b"
dependencies = [
 "snforge_scarb_plugin",
]
